
Microsoft Visual Studio Solution File, Format Version 12.00
# Visual Studio Version 16
VisualStudioVersion = 16.0.31313.79
MinimumVisualStudioVersion = 10.0.40219.1
Project("{FAE04EC0-301F-11D3-BF4B-00C04F79EFBC}") = "MyObjects", "MyObjects\MyObjects.csproj", "{9A5BD4DB-5F41-4C51-BAF7-E43ACC28908A}"
EndProject
Global
	GlobalSection(SolutionConfigurationPlatforms) = preSolution
		Debug|Any CPU = Debug|Any CPU
		Release|Any CPU = Release|Any CPU
	EndGlobalSection
	GlobalSection(ProjectConfigurationPlatforms) = postSolution
		{9A5BD4DB-5F41-4C51-BAF7-E43ACC28908A}.Debug|Any CPU.ActiveCfg = Debug|Any CPU
		{9A5BD4DB-5F41-4C51-BAF7-E43ACC28908A}.Debug|Any CPU.Build.0 = Debug|Any CPU
		{9A5BD4DB-5F41-4C51-BAF7-E43ACC28908A}.Release|Any CPU.ActiveCfg = Release|Any CPU
		{9A5BD4DB-5F41-4C51-BAF7-E43ACC28908A}.Release|Any CPU.Build.0 = Release|Any CPU
	EndGlobalSection
	GlobalSection(SolutionProperties) = preSolution
		HideSolutionNode = FALSE
	EndGlobalSection
	GlobalSection(ExtensibilityGlobals) = postSolution
		SolutionGuid = {4825DCFC-130D-4C57-859E-E1C86C94707B}
	EndGlobalSection
EndGlobal
